
Microsoft Visual Studio Solution File, Format Version 12.00
# Visual Studio Version 16
VisualStudioVersion = 16.0.30104.148
MinimumVisualStudioVersion = 10.0.40219.1
Project("{FAE04EC0-301F-11D3-BF4B-00C04F79EFBC}") = "ConsoleQuiz", "ConsoleQuiz\ConsoleQuiz.csproj", "{739B05DF-A1E1-4271-ACD8-0B6C6984805B}"
EndProject
Global
	GlobalSection(SolutionConfigurationPlatforms) = preSolution
		Debug|Any CPU = Debug|Any CPU
		Release|Any CPU = Release|Any CPU
	EndGlobalSection
	GlobalSection(ProjectConfigurationPlatforms) = postSolution
		{739B05DF-A1E1-4271-ACD8-0B6C6984805B}.Debug|Any CPU.ActiveCfg = Debug|Any CPU
		{739B05DF-A1E1-4271-ACD8-0B6C6984805B}.Debug|Any CPU.Build.0 = Debug|Any CPU
		{739B05DF-A1E1-4271-ACD8-0B6C6984805B}.Release|Any CPU.ActiveCfg = Release|Any CPU
		{739B05DF-A1E1-4271-ACD8-0B6C6984805B}.Release|Any CPU.Build.0 = Release|Any CPU
	EndGlobalSection
	GlobalSection(SolutionProperties) = preSolution
		HideSolutionNode = FALSE
	EndGlobalSection
	GlobalSection(ExtensibilityGlobals) = postSolution
		SolutionGuid = {DC28409E-D5FB-4294-8A57-9D89D3E50B4F}
	EndGlobalSection
EndGlobal
