
Microsoft Visual Studio Solution File, Format Version 12.00
# Visual Studio Version 16
VisualStudioVersion = 16.0.31424.327
MinimumVisualStudioVersion = 10.0.40219.1
Project("{FAE04EC0-301F-11D3-BF4B-00C04F79EFBC}") = "EPiServerDemo", "EPiServerDemo\EPiServerDemo.csproj", "{539B8EA6-4352-4570-AD3C-73BBA753828F}"
EndProject
Global
	GlobalSection(SolutionConfigurationPlatforms) = preSolution
		Debug|Any CPU = Debug|Any CPU
		Release|Any CPU = Release|Any CPU
	EndGlobalSection
	GlobalSection(ProjectConfigurationPlatforms) = postSolution
		{539B8EA6-4352-4570-AD3C-73BBA753828F}.Debug|Any CPU.ActiveCfg = Debug|Any CPU
		{539B8EA6-4352-4570-AD3C-73BBA753828F}.Debug|Any CPU.Build.0 = Debug|Any CPU
		{539B8EA6-4352-4570-AD3C-73BBA753828F}.Release|Any CPU.ActiveCfg = Release|Any CPU
		{539B8EA6-4352-4570-AD3C-73BBA753828F}.Release|Any CPU.Build.0 = Release|Any CPU
	EndGlobalSection
	GlobalSection(SolutionProperties) = preSolution
		HideSolutionNode = FALSE
	EndGlobalSection
	GlobalSection(ExtensibilityGlobals) = postSolution
		SolutionGuid = {DBAEEFBA-EF3E-4167-A4F6-E7EF55279C60}
	EndGlobalSection
EndGlobal
