
Microsoft Visual Studio Solution File, Format Version 12.00
# Visual Studio Version 16
VisualStudioVersion = 16.0.30413.136
MinimumVisualStudioVersion = 10.0.40219.1
Project("{FAE04EC0-301F-11D3-BF4B-00C04F79EFBC}") = "03Blackjack", "03Blackjack\03Blackjack.csproj", "{6D2BEEE7-7FC2-4DF1-BB02-AF41C0AFCF3D}"
EndProject
Global
	GlobalSection(SolutionConfigurationPlatforms) = preSolution
		Debug|Any CPU = Debug|Any CPU
		Release|Any CPU = Release|Any CPU
	EndGlobalSection
	GlobalSection(ProjectConfigurationPlatforms) = postSolution
		{6D2BEEE7-7FC2-4DF1-BB02-AF41C0AFCF3D}.Debug|Any CPU.ActiveCfg = Debug|Any CPU
		{6D2BEEE7-7FC2-4DF1-BB02-AF41C0AFCF3D}.Debug|Any CPU.Build.0 = Debug|Any CPU
		{6D2BEEE7-7FC2-4DF1-BB02-AF41C0AFCF3D}.Release|Any CPU.ActiveCfg = Release|Any CPU
		{6D2BEEE7-7FC2-4DF1-BB02-AF41C0AFCF3D}.Release|Any CPU.Build.0 = Release|Any CPU
	EndGlobalSection
	GlobalSection(SolutionProperties) = preSolution
		HideSolutionNode = FALSE
	EndGlobalSection
	GlobalSection(ExtensibilityGlobals) = postSolution
		SolutionGuid = {9E36D199-B1D3-43C8-9FB8-D31ACD070F92}
	EndGlobalSection
EndGlobal
